
Microsoft Visual Studio Solution File, Format Version 12.00
# Visual Studio Version 17
VisualStudioVersion = 17.7.34031.279
MinimumVisualStudioVersion = 10.0.40219.1
Project("{FAE04EC0-301F-11D3-BF4B-00C04F79EFBC}") = "task09_28", "task09_28\task09_28.csproj", "{B3A6AA16-10B7-44F6-AB3D-A647967465F7}"
EndProject
Global
	GlobalSection(SolutionConfigurationPlatforms) = preSolution
		Debug|Any CPU = Debug|Any CPU
		Release|Any CPU = Release|Any CPU
	EndGlobalSection
	GlobalSection(ProjectConfigurationPlatforms) = postSolution
		{B3A6AA16-10B7-44F6-AB3D-A647967465F7}.Debug|Any CPU.ActiveCfg = Debug|Any CPU
		{B3A6AA16-10B7-44F6-AB3D-A647967465F7}.Debug|Any CPU.Build.0 = Debug|Any CPU
		{B3A6AA16-10B7-44F6-AB3D-A647967465F7}.Release|Any CPU.ActiveCfg = Release|Any CPU
		{B3A6AA16-10B7-44F6-AB3D-A647967465F7}.Release|Any CPU.Build.0 = Release|Any CPU
	EndGlobalSection
	GlobalSection(SolutionProperties) = preSolution
		HideSolutionNode = FALSE
	EndGlobalSection
	GlobalSection(ExtensibilityGlobals) = postSolution
		SolutionGuid = {AFEC4A16-17AE-47BE-814B-4B66B7C654E0}
	EndGlobalSection
EndGlobal
